
Microsoft Visual Studio Solution File, Format Version 12.00
# Visual Studio Version 17
VisualStudioVersion = 17.7.34202.233
MinimumVisualStudioVersion = 10.0.40219.1
Project("{FAE04EC0-301F-11D3-BF4B-00C04F79EFBC}") = "example_1", "example_1\example_1.csproj", "{73E93769-6FDC-45FA-9F10-612783C8E601}"
EndProject
Global
	GlobalSection(SolutionConfigurationPlatforms) = preSolution
		Debug|Any CPU = Debug|Any CPU
		Release|Any CPU = Release|Any CPU
	EndGlobalSection
	GlobalSection(ProjectConfigurationPlatforms) = postSolution
		{73E93769-6FDC-45FA-9F10-612783C8E601}.Debug|Any CPU.ActiveCfg = Debug|Any CPU
		{73E93769-6FDC-45FA-9F10-612783C8E601}.Debug|Any CPU.Build.0 = Debug|Any CPU
		{73E93769-6FDC-45FA-9F10-612783C8E601}.Release|Any CPU.ActiveCfg = Release|Any CPU
		{73E93769-6FDC-45FA-9F10-612783C8E601}.Release|Any CPU.Build.0 = Release|Any CPU
	EndGlobalSection
	GlobalSection(SolutionProperties) = preSolution
		HideSolutionNode = FALSE
	EndGlobalSection
	GlobalSection(ExtensibilityGlobals) = postSolution
		SolutionGuid = {127A3014-7D53-4F15-BA8F-268224BBB255}
	EndGlobalSection
EndGlobal
